// !$*UTF8*$!
{
	archiveVersion = 1;
	classes = {
	};
	objectVersion = 48;
	objects = {

/* Begin PBXBuildFile section */
		C44A1483200ACA4600F682B7 /* AppDelegate.swift in Sources */ = {isa = PBXBuildFile; fileRef = C44A1482200ACA4600F682B7 /* AppDelegate.swift */; };
		C44A1485200ACA4600F682B7 /* ViewController.swift in Sources */ = {isa = PBXBuildFile; fileRef = C44A1484200ACA4600F682B7 /* ViewController.swift */; };
		C44A1488200ACA4600F682B7 /* Main.storyboard in Resources */ = {isa = PBXBuildFile; fileRef = C44A1486200ACA4600F682B7 /* Main.storyboard */; };
		C44A148B200ACA4600F682B7 /* smartBrochure.xcdatamodeld in Sources */ = {isa = PBXBuildFile; fileRef = C44A1489200ACA4600F682B7 /* smartBrochure.xcdatamodeld */; };
		C44A148D200ACA4600F682B7 /* Assets.xcassets in Resources */ = {isa = PBXBuildFile; fileRef = C44A148C200ACA4600F682B7 /* Assets.xcassets */; };
		C44A1490200ACA4600F682B7 /* LaunchScreen.storyboard in Resources */ = {isa = PBXBuildFile; fileRef = C44A148E200ACA4600F682B7 /* LaunchScreen.storyboard */; };
/* End PBXBuildFile section */

/* Begin PBXFileReference section */
		C44A147F200ACA4500F682B7 /* smartBrochure.app */ = {isa = PBXFileReference; explicitFileType = wrapper.application; includeInIndex = 0; path = smartBrochure.app; sourceTree = BUILT_PRODUCTS_DIR; };
		C44A1482200ACA4600F682B7 /* AppDelegate.swift */ = {isa = PBXFileReference; lastKnownFileType = sourcecode.swift; path = AppDelegate.swift; sourceTree = "<group>"; };
		C44A1484200ACA4600F682B7 /* ViewController.swift */ = {isa = PBXFileReference; lastKnownFileType = sourcecode.swift; path = ViewController.swift; sourceTree = "<group>"; };
		C44A1487200ACA4600F682B7 /* Base */ = {isa = PBXFileReference; lastKnownFileType = file.storyboard; name = Base; path = Base.lproj/Main.storyboard; sourceTree = "<group>"; };
		C44A148A200ACA4600F682B7 /* smartBrochure.xcdatamodel */ = {isa = PBXFileReference; lastKnownFileType = wrapper.xcdatamodel; path = smartBrochure.xcdatamodel; sourceTree = "<group>"; };
		C44A148C200ACA4600F682B7 /* Assets.xcassets */ = {isa = PBXFileReference; lastKnownFileType = folder.assetcatalog; path = Assets.xcassets; sourceTree = "<group>"; };
		C44A148F200ACA4600F682B7 /* Base */ = {isa = PBXFileReference; lastKnownFileType = file.storyboard; name = Base; path = Base.lproj/LaunchScreen.storyboard; sourceTree = "<group>"; };
		C44A1491200ACA4600F682B7 /* Info.plist */ = {isa = PBXFileReference; lastKnownFileType = text.plist.xml; path = Info.plist; sourceTree = "<group>"; };
/* End PBXFileReference section */

/* Begin PBXFrameworksBuildPhase section */
		C44A147C200ACA4500F682B7 /* Frameworks */ = {
			isa = PBXFrameworksBuildPhase;
			buildActionMask = 2147483647;
			files = (
			);
			runOnlyForDeploymentPostprocessing = 0;
		};
/* End PBXFrameworksBuildPhase section */

/* Begin PBXGroup section */
		C44A1476200ACA4500F682B7 = {
			isa = PBXGroup;
			children = (
				C44A1481200ACA4500F682B7 /* smartBrochure */,
				C44A1480200ACA4500F682B7 /* Products */,
			);
			sourceTree = "<group>";
		};
		C44A1480200ACA4500F682B7 /* Products */ = {
			isa = PBXGroup;
			children = (
				C44A147F200ACA4500F682B7 /* smartBrochure.app */,
			);
			name = Products;
			sourceTree = "<group>";
		};
		C44A1481200ACA4500F682B7 /* smartBrochure */ = {
			isa = PBXGroup;
			children = (
				C44A1482200ACA4600F682B7 /* AppDelegate.swift */,
				C44A1484200ACA4600F682B7 /* ViewController.swift */,
				C44A1486200ACA4600F682B7 /* Main.storyboard */,
				C44A148C200ACA4600F682B7 /* Assets.xcassets */,
				C44A148E200ACA4600F682B7 /* LaunchScreen.storyboard */,
				C44A1491200ACA4600F682B7 /* Info.plist */,
				C44A1489200ACA4600F682B7 /* smartBrochure.xcdatamodeld */,
			);
			path = smartBrochure;
			sourceTree = "<group>";
		};
/* End PBXGroup section */

/* Begin PBXNativeTarget section */
		C44A147E200ACA4500F682B7 /* smartBrochure */ = {
			isa = PBXNativeTarget;
			buildConfigurationList = C44A1494200ACA4600F682B7 /* Build configuration list for PBXNativeTarget "smartBrochure" */;
			buildPhases = (
				C44A147B200ACA4500F682B7 /* Sources */,
				C44A147C200ACA4500F682B7 /* Frameworks */,
				C44A147D200ACA4500F682B7 /* Resources */,
			);
			buildRules = (
			);
			dependencies = (
			);
			name = smartBrochure;
			productName = smartBrochure;
			productReference = C44A147F200ACA4500F682B7 /* smartBrochure.app */;
			productType = "com.apple.product-type.application";
		};
/* End PBXNativeTarget section */

/* Begin PBXProject section */
		C44A1477200ACA4500F682B7 /* Project object */ = {
			isa = PBXProject;
			attributes = {
				LastSwiftUpdateCheck = 0910;
				LastUpgradeCheck = 0910;
				ORGANIZATIONNAME = "taha abdelrahman";
				TargetAttributes = {
					C44A147E200ACA4500F682B7 = {
						CreatedOnToolsVersion = 9.1;
						ProvisioningStyle = Automatic;
					};
				};
			};
			buildConfigurationList = C44A147A200ACA4500F682B7 /* Build configuration list for PBXProject "smartBrochure" */;
			compatibilityVersion = "Xcode 8.0";
			developmentRegion = en;
			hasScannedForEncodings = 0;
			knownRegions = (
				en,
				Base,
			);
			mainGroup = C44A1476200ACA4500F682B7;
			productRefGroup = C44A1480200ACA4500F682B7 /* Products */;
			projectDirPath = "";
			projectRoot = "";
			targets = (
				C44A147E200ACA4500F682B7 /* smartBrochure */,
			);
		};
/* End PBXProject section */

/* Begin PBXResourcesBuildPhase section */
		C44A147D200ACA4500F682B7 /* Resources */ = {
			isa = PBXResourcesBuildPhase;
			buildActionMask = 2147483647;
			files = (
				C44A1490200ACA4600F682B7 /* LaunchScreen.storyboard in Resources */,
				C44A148D200ACA4600F682B7 /* Assets.xcassets in Resources */,
				C44A1488200ACA4600F682B7 /* Main.storyboard in Resources */,
			);
			runOnlyForDeploymentPostprocessing = 0;
		};
/* End PBXResourcesBuildPhase section */

/* Begin PBXSourcesBuildPhase section */
		C44A147B200ACA4500F682B7 /* Sources */ = {
			isa = PBXSourcesBuildPhase;
			buildActionMask = 2147483647;
			files = (
				C44A1485200ACA4600F682B7 /* ViewController.swift in Sources */,
				C44A1483200ACA4600F682B7 /* AppDelegate.swift in Sources */,
				C44A148B200ACA4600F682B7 /* smartBrochure.xcdatamodeld in Sources */,
			);
			runOnlyForDeploymentPostprocessing = 0;
		};
/* End PBXSourcesBuildPhase section */

/* Begin PBXVariantGroup section */
		C44A1486200ACA4600F682B7 /* Main.storyboard */ = {
			isa = PBXVariantGroup;
			children = (
				C44A1487200ACA4600F682B7 /* Base */,
			);
			name = Main.storyboard;
			sourceTree = "<group>";
		};
		C44A148E200ACA4600F682B7 /* LaunchScreen.storyboard */ = {
			isa = PBXVariantGroup;
			children = (
				C44A148F200ACA4600F682B7 /* Base */,
			);
			name = LaunchScreen.storyboard;
			sourceTree = "<group>";
		};
/* End PBXVariantGroup section */

/* Begin XCBuildConfiguration section */
		C44A1492200ACA4600F682B7 /* Debug */ = {
			isa = XCBuildConfiguration;
			buildSettings = {
				ALWAYS_SEARCH_USER_PATHS = NO;
				CLANG_ANALYZER_NONNULL = YES;
				CLANG_ANALYZER_NUMBER_OBJECT_CONVERSION = YES_AGGRESSIVE;
				CLANG_CXX_LANGUAGE_STANDARD = "gnu++14";
				CLANG_CXX_LIBRARY = "libc++";
				CLANG_ENABLE_MODULES = YES;
				CLANG_ENABLE_OBJC_ARC = YES;
				CLANG_WARN_BLOCK_CAPTURE_AUTORELEASING = YES;
				CLANG_WARN_BOOL_CONVERSION = YES;
				CLANG_WARN_COMMA = YES;
				CLANG_WARN_CONSTANT_CONVERSION = YES;
				CLANG_WARN_DIRECT_OBJC_ISA_USAGE = YES_ERROR;
				CLANG_WARN_DOCUMENTATION_COMMENTS = YES;
				CLANG_WARN_EMPTY_BODY = YES;
				CLANG_WARN_ENUM_CONVERSION = YES;
				CLANG_WARN_INFINITE_RECURSION = YES;
				CLANG_WARN_INT_CONVERSION = YES;
				CLANG_WARN_NON_LITERAL_NULL_CONVERSION = YES;
				CLANG_WARN_OBJC_LITERAL_CONVERSION = YES;
				CLANG_WARN_OBJC_ROOT_CLASS = YES_ERROR;
				CLANG_WARN_RANGE_LOOP_ANALYSIS = YES;
				CLANG_WARN_STRICT_PROTOTYPES = YES;
				CLANG_WARN_SUSPICIOUS_MOVE = YES;
				CLANG_WARN_UNGUARDED_AVAILABILITY = YES_AGGRESSIVE;
				CLANG_WARN_UNREACHABLE_CODE = YES;
				CLANG_WARN__DUPLICATE_METHOD_MATCH = YES;
				CODE_SIGN_IDENTITY = "iPhone Developer";
				COPY_PHASE_STRIP = NO;
				DEBUG_INFORMATION_FORMAT = dwarf;
				ENABLE_STRICT_OBJC_MSGSEND = YES;
				ENABLE_TESTABILITY = YES;
				GCC_C_LANGUAGE_STANDARD = gnu11;
				GCC_DYNAMIC_NO_PIC = NO;
				GCC_NO_COMMON_BLOCKS = YES;
				GCC_OPTIMIZATION_LEVEL = 0;
				GCC_PREPROCESSOR_DEFINITIONS = (
					"DEBUG=1",
					"$(inherited)",
				);
				GCC_WARN_64_TO_32_BIT_CONVERSION = YES;
				GCC_WARN_ABOUT_RETURN_TYPE = YES_ERROR;
				GCC_WARN_UNDECLARED_SELECTOR = YES;
				GCC_WARN_UNINITIALIZED_AUTOS = YES_AGGRESSIVE;
				GCC_WARN_UNUSED_FUNCTION = YES;
				GCC_WARN_UNUSED_VARIABLE = YES;
				IPHONEOS_DEPLOYMENT_TARGET = 11.1;
				MTL_ENABLE_DEBUG_INFO = YES;
				ONLY_ACTIVE_ARCH = YES;
				SDKROOT = iphoneos;
				SWIFT_ACTIVE_COMPILATION_CONDITIONS = DEBUG;
				SWIFT_OPTIMIZATION_LEVEL = "-Onone";
			};
			name = Debug;
		};
		C44A1493200ACA4600F682B7 /* Release */ = {
			isa = XCBuildConfiguration;
			buildSettings = {
				ALWAYS_SEARCH_USER_PATHS = NO;
				CLANG_ANALYZER_NONNULL = YES;
				CLANG_ANALYZER_NUMBER_OBJECT_CONVERSION = YES_AGGRESSIVE;
				CLANG_CXX_LANGUAGE_STANDARD = "gnu++14";
				CLANG_CXX_LIBRARY = "libc++";
				CLANG_ENABLE_MODULES = YES;
				CLANG_ENABLE_OBJC_ARC = YES;
				CLANG_WARN_BLOCK_CAPTURE_AUTORELEASING = YES;
				CLANG_WARN_BOOL_CONVERSION = YES;
				CLANG_WARN_COMMA = YES;
				CLANG_WARN_CONSTANT_CONVERSION = YES;
				CLANG_WARN_DIRECT_OBJC_ISA_USAGE = YES_ERROR;
				CLANG_WARN_DOCUMENTATION_COMMENTS = YES;
				CLANG_WARN_EMPTY_BODY = YES;
				CLANG_WARN_ENUM_CONVERSION = YES;
				CLANG_WARN_INFINITE_RECURSION = YES;
				CLANG_WARN_INT_CONVERSION = YES;
				CLANG_WARN_NON_LITERAL_NULL_CONVERSION = YES;
				CLANG_WARN_OBJC_LITERAL_CONVERSION = YES;
				CLANG_WARN_OBJC_ROOT_CLASS = YES_ERROR;
				CLANG_WARN_RANGE_LOOP_ANALYSIS = YES;
				CLANG_WARN_STRICT_PROTOTYPES = YES;
				CLANG_WARN_SUSPICIOUS_MOVE = YES;
				CLANG_WARN_UNGUARDED_AVAILABILITY = YES_AGGRESSIVE;
				CLANG_WARN_UNREACHABLE_CODE = YES;
				CLANG_WARN__DUPLICATE_METHOD_MATCH = YES;
				CODE_SIGN_IDENTITY = "iPhone Developer";
				COPY_PHASE_STRIP = NO;
				DEBUG_INFORMATION_FORMAT = "dwarf-with-dsym";
				ENABLE_NS_ASSERTIONS = NO;
				ENABLE_STRICT_OBJC_MSGSEND = YES;
				GCC_C_LANGUAGE_STANDARD = gnu11;
				GCC_NO_COMMON_BLOCKS = YES;
				GCC_WARN_64_TO_32_BIT_CONVERSION = YES;
				GCC_WARN_ABOUT_RETURN_TYPE = YES_ERROR;
				GCC_WARN_UNDECLARED_SELECTOR = YES;
				GCC_WARN_UNINITIALIZED_AUTOS = YES_AGGRESSIVE;
				GCC_WARN_UNUSED_FUNCTION = YES;
				GCC_WARN_UNUSED_VARIABLE = YES;
				IPHONEOS_DEPLOYMENT_TARGET = 11.1;
				MTL_ENABLE_DEBUG_INFO = NO;
				SDKROOT = iphoneos;
				SWIFT_OPTIMIZATION_LEVEL = "-Owholemodule";
				VALIDATE_PRODUCT = YES;
			};
			name = Release;
		};
		C44A1495200ACA4600F682B7 /* Debug */ = {
			isa = XCBuildConfiguration;
			buildSettings = {
				ASSETCATALOG_COMPILER_APPICON_NAME = AppIcon;
				CODE_SIGN_STYLE = Automatic;
				INFOPLIST_FILE = smartBrochure/Info.plist;
				LD_RUNPATH_SEARCH_PATHS = "$(inherited) @executable_path/Frameworks";
				PRODUCT_BUNDLE_IDENTIFIER = DATASOFT.smartBrochure;
				PRODUCT_NAME = "$(TARGET_NAME)";
				SWIFT_VERSION = 4.0;
				TARGETED_DEVICE_FAMILY = "1,2";
			};
			name = Debug;
		};
		C44A1496200ACA4600F682B7 /* Release */ = {
			isa = XCBuildConfiguration;
			buildSettings = {
				ASSETCATALOG_COMPILER_APPICON_NAME = AppIcon;
				CODE_SIGN_STYLE = Automatic;
				INFOPLIST_FILE = smartBrochure/Info.plist;
				LD_RUNPATH_SEARCH_PATHS = "$(inherited) @executable_path/Frameworks";
				PRODUCT_BUNDLE_IDENTIFIER = DATASOFT.smartBrochure;
				PRODUCT_NAME = "$(TARGET_NAME)";
				SWIFT_VERSION = 4.0;
				TARGETED_DEVICE_FAMILY = "1,2";
			};
			name = Release;
		};
/* End XCBuildConfiguration section */

/* Begin XCConfigurationList section */
		C44A147A200ACA4500F682B7 /* Build configuration list for PBXProject "smartBrochure" */ = {
			isa = XCConfigurationList;
			buildConfigurations = (
				C44A1492200ACA4600F682B7 /* Debug */,
				C44A1493200ACA4600F682B7 /* Release */,
			);
			defaultConfigurationIsVisible = 0;
			defaultConfigurationName = Release;
		};
		C44A1494200ACA4600F682B7 /* Build configuration list for PBXNativeTarget "smartBrochure" */ = {
			isa = XCConfigurationList;
			buildConfigurations = (
				C44A1495200ACA4600F682B7 /* Debug */,
				C44A1496200ACA4600F682B7 /* Release */,
			);
			defaultConfigurationIsVisible = 0;
			defaultConfigurationName = Release;
		};
/* End XCConfigurationList section */

/* Begin XCVersionGroup section */
		C44A1489200ACA4600F682B7 /* smartBrochure.xcdatamodeld */ = {
			isa = XCVersionGroup;
			children = (
				C44A148A200ACA4600F682B7 /* smartBrochure.xcdatamodel */,
			);
			currentVersion = C44A148A200ACA4600F682B7 /* smartBrochure.xcdatamodel */;
			path = smartBrochure.xcdatamodeld;
			sourceTree = "<group>";
			versionGroupType = wrapper.xcdatamodel;
		};
/* End XCVersionGroup section */
	};
	rootObject = C44A1477200ACA4500F682B7 /* Project object */;
}
